// !$*UTF8*$!
{
	archiveVersion = 1;
	classes = {
	};
	objectVersion = 56;
	objects = {

/* Begin PBXBuildFile section */
		020960CE2BE8D9F00002E546 /* TestAuthApp01App.swift in Sources */ = {isa = PBXBuildFile; fileRef = 020960CD2BE8D9F00002E546 /* TestAuthApp01App.swift */; };
		020960D02BE8D9F00002E546 /* ContentView.swift in Sources */ = {isa = PBXBuildFile; fileRef = 020960CF2BE8D9F00002E546 /* ContentView.swift */; };
		020960D22BE8D9F20002E546 /* Assets.xcassets in Resources */ = {isa = PBXBuildFile; fileRef = 020960D12BE8D9F20002E546 /* Assets.xcassets */; };
		020960D52BE8D9F20002E546 /* Preview Assets.xcassets in Resources */ = {isa = PBXBuildFile; fileRef = 020960D42BE8D9F20002E546 /* Preview Assets.xcassets */; };
		020960E02BE8DD620002E546 /* GoogleSignIn in Frameworks */ = {isa = PBXBuildFile; productRef = 020960DF2BE8DD620002E546 /* GoogleSignIn */; };
		020960E22BE8DD620002E546 /* GoogleSignInSwift in Frameworks */ = {isa = PBXBuildFile; productRef = 020960E12BE8DD620002E546 /* GoogleSignInSwift */; };
		020960E42BE8E14C0002E546 /* GoogleService-Info.plist in Resources */ = {isa = PBXBuildFile; fileRef = 020960E32BE8E14C0002E546 /* GoogleService-Info.plist */; };
		020960E72BE8E9500002E546 /* FirebaseAuth in Frameworks */ = {isa = PBXBuildFile; productRef = 020960E62BE8E9500002E546 /* FirebaseAuth */; };
		020960EA2BE8ECBA0002E546 /* AuthenticationView.swift in Sources */ = {isa = PBXBuildFile; fileRef = 020960E92BE8ECBA0002E546 /* AuthenticationView.swift */; };
		020960EC2BE8EDFC0002E546 /* SignInEmailView.swift in Sources */ = {isa = PBXBuildFile; fileRef = 020960EB2BE8EDFC0002E546 /* SignInEmailView.swift */; };
		020960EE2BE8EFD30002E546 /* AuthenticationManager.swift in Sources */ = {isa = PBXBuildFile; fileRef = 020960ED2BE8EFD30002E546 /* AuthenticationManager.swift */; };
		020960F02BE926C20002E546 /* RootView.swift in Sources */ = {isa = PBXBuildFile; fileRef = 020960EF2BE926C20002E546 /* RootView.swift */; };
		020960F22BE935770002E546 /* SettingsView.swift in Sources */ = {isa = PBXBuildFile; fileRef = 020960F12BE935770002E546 /* SettingsView.swift */; };
		020960F62BE954B50002E546 /* Utilites.swift in Sources */ = {isa = PBXBuildFile; fileRef = 020960F52BE954B50002E546 /* Utilites.swift */; };
		020960F82BE9D0620002E546 /* SignInGoogleHelper.swift in Sources */ = {isa = PBXBuildFile; fileRef = 020960F72BE9D0620002E546 /* SignInGoogleHelper.swift */; };
		020960FA2BE9E6C10002E546 /* Launch Screen.storyboard in Resources */ = {isa = PBXBuildFile; fileRef = 020960F92BE9E6C10002E546 /* Launch Screen.storyboard */; };
		020960FC2BE9EE980002E546 /* SignInWithGoogleButtonView.swift in Sources */ = {isa = PBXBuildFile; fileRef = 020960FB2BE9EE980002E546 /* SignInWithGoogleButtonView.swift */; };
		020961832BECC8840002E546 /* SettingsViewModel.swift in Sources */ = {isa = PBXBuildFile; fileRef = 020961822BECC8840002E546 /* SettingsViewModel.swift */; };
		020961852BECC9CB0002E546 /* PhotoFilterView.swift in Sources */ = {isa = PBXBuildFile; fileRef = 020961842BECC9CB0002E546 /* PhotoFilterView.swift */; };
		020961872BECCA410002E546 /* PhotoPickerViewModel.swift in Sources */ = {isa = PBXBuildFile; fileRef = 020961862BECCA410002E546 /* PhotoPickerViewModel.swift */; };
		020961892BECD05F0002E546 /* FilterView.swift in Sources */ = {isa = PBXBuildFile; fileRef = 020961882BECD05E0002E546 /* FilterView.swift */; };
		0209618B2BECD88C0002E546 /* ImageEditorView.swift in Sources */ = {isa = PBXBuildFile; fileRef = 0209618A2BECD88C0002E546 /* ImageEditorView.swift */; };
		0209618D2BECD9460002E546 /* DrawingViewModel.swift in Sources */ = {isa = PBXBuildFile; fileRef = 0209618C2BECD9460002E546 /* DrawingViewModel.swift */; };
		0209618F2BECD9AE0002E546 /* TextBox.swift in Sources */ = {isa = PBXBuildFile; fileRef = 0209618E2BECD9AE0002E546 /* TextBox.swift */; };
		020961912BECD9D60002E546 /* ImagePicker.swift in Sources */ = {isa = PBXBuildFile; fileRef = 020961902BECD9D60002E546 /* ImagePicker.swift */; };
		020961932BECDA020002E546 /* DrawingScreen.swift in Sources */ = {isa = PBXBuildFile; fileRef = 020961922BECDA020002E546 /* DrawingScreen.swift */; };
		020961952BECF57C0002E546 /* SignInViewModel.swift in Sources */ = {isa = PBXBuildFile; fileRef = 020961942BECF57C0002E546 /* SignInViewModel.swift */; };
		020961972BED10F60002E546 /* Spinner.swift in Sources */ = {isa = PBXBuildFile; fileRef = 020961962BED10F60002E546 /* Spinner.swift */; };
		020961992BED303A0002E546 /* AuthenticationViewModel.swift in Sources */ = {isa = PBXBuildFile; fileRef = 020961982BED30390002E546 /* AuthenticationViewModel.swift */; };
/* End PBXBuildFile section */

/* Begin PBXFileReference section */
		020960CA2BE8D9F00002E546 /* TestAuthApp01.app */ = {isa = PBXFileReference; explicitFileType = wrapper.application; includeInIndex = 0; path = TestAuthApp01.app; sourceTree = BUILT_PRODUCTS_DIR; };
		020960CD2BE8D9F00002E546 /* TestAuthApp01App.swift */ = {isa = PBXFileReference; lastKnownFileType = sourcecode.swift; path = TestAuthApp01App.swift; sourceTree = "<group>"; };
		020960CF2BE8D9F00002E546 /* ContentView.swift */ = {isa = PBXFileReference; lastKnownFileType = sourcecode.swift; path = ContentView.swift; sourceTree = "<group>"; };
		020960D12BE8D9F20002E546 /* Assets.xcassets */ = {isa = PBXFileReference; lastKnownFileType = folder.assetcatalog; path = Assets.xcassets; sourceTree = "<group>"; };
		020960D42BE8D9F20002E546 /* Preview Assets.xcassets */ = {isa = PBXFileReference; lastKnownFileType = folder.assetcatalog; path = "Preview Assets.xcassets"; sourceTree = "<group>"; };
		020960E32BE8E14C0002E546 /* GoogleService-Info.plist */ = {isa = PBXFileReference; fileEncoding = 4; lastKnownFileType = text.plist.xml; path = "GoogleService-Info.plist"; sourceTree = "<group>"; };
		020960E92BE8ECBA0002E546 /* AuthenticationView.swift */ = {isa = PBXFileReference; lastKnownFileType = sourcecode.swift; path = AuthenticationView.swift; sourceTree = "<group>"; };
		020960EB2BE8EDFC0002E546 /* SignInEmailView.swift */ = {isa = PBXFileReference; lastKnownFileType = sourcecode.swift; path = SignInEmailView.swift; sourceTree = "<group>"; };
		020960ED2BE8EFD30002E546 /* AuthenticationManager.swift */ = {isa = PBXFileReference; lastKnownFileType = sourcecode.swift; path = AuthenticationManager.swift; sourceTree = "<group>"; };
		020960EF2BE926C20002E546 /* RootView.swift */ = {isa = PBXFileReference; lastKnownFileType = sourcecode.swift; path = RootView.swift; sourceTree = "<group>"; };
		020960F12BE935770002E546 /* SettingsView.swift */ = {isa = PBXFileReference; lastKnownFileType = sourcecode.swift; path = SettingsView.swift; sourceTree = "<group>"; };
		020960F32BE9511D0002E546 /* Info.plist */ = {isa = PBXFileReference; lastKnownFileType = text.plist; path = Info.plist; sourceTree = "<group>"; };
		020960F52BE954B50002E546 /* Utilites.swift */ = {isa = PBXFileReference; lastKnownFileType = sourcecode.swift; path = Utilites.swift; sourceTree = "<group>"; };
		020960F72BE9D0620002E546 /* SignInGoogleHelper.swift */ = {isa = PBXFileReference; lastKnownFileType = sourcecode.swift; path = SignInGoogleHelper.swift; sourceTree = "<group>"; };
		020960F92BE9E6C10002E546 /* Launch Screen.storyboard */ = {isa = PBXFileReference; lastKnownFileType = file.storyboard; path = "Launch Screen.storyboard"; sourceTree = "<group>"; };
		020960FB2BE9EE980002E546 /* SignInWithGoogleButtonView.swift */ = {isa = PBXFileReference; lastKnownFileType = sourcecode.swift; path = SignInWithGoogleButtonView.swift; sourceTree = "<group>"; };
		020961822BECC8840002E546 /* SettingsViewModel.swift */ = {isa = PBXFileReference; lastKnownFileType = sourcecode.swift; path = SettingsViewModel.swift; sourceTree = "<group>"; };
		020961842BECC9CB0002E546 /* PhotoFilterView.swift */ = {isa = PBXFileReference; lastKnownFileType = sourcecode.swift; path = PhotoFilterView.swift; sourceTree = "<group>"; };
		020961862BECCA410002E546 /* PhotoPickerViewModel.swift */ = {isa = PBXFileReference; lastKnownFileType = sourcecode.swift; path = PhotoPickerViewModel.swift; sourceTree = "<group>"; };
		020961882BECD05E0002E546 /* FilterView.swift */ = {isa = PBXFileReference; lastKnownFileType = sourcecode.swift; path = FilterView.swift; sourceTree = "<group>"; };
		0209618A2BECD88C0002E546 /* ImageEditorView.swift */ = {isa = PBXFileReference; lastKnownFileType = sourcecode.swift; path = ImageEditorView.swift; sourceTree = "<group>"; };
		0209618C2BECD9460002E546 /* DrawingViewModel.swift */ = {isa = PBXFileReference; lastKnownFileType = sourcecode.swift; path = DrawingViewModel.swift; sourceTree = "<group>"; };
		0209618E2BECD9AE0002E546 /* TextBox.swift */ = {isa = PBXFileReference; lastKnownFileType = sourcecode.swift; path = TextBox.swift; sourceTree = "<group>"; };
		020961902BECD9D60002E546 /* ImagePicker.swift */ = {isa = PBXFileReference; lastKnownFileType = sourcecode.swift; path = ImagePicker.swift; sourceTree = "<group>"; };
		020961922BECDA020002E546 /* DrawingScreen.swift */ = {isa = PBXFileReference; lastKnownFileType = sourcecode.swift; path = DrawingScreen.swift; sourceTree = "<group>"; };
		020961942BECF57C0002E546 /* SignInViewModel.swift */ = {isa = PBXFileReference; lastKnownFileType = sourcecode.swift; path = SignInViewModel.swift; sourceTree = "<group>"; };
		020961962BED10F60002E546 /* Spinner.swift */ = {isa = PBXFileReference; lastKnownFileType = sourcecode.swift; path = Spinner.swift; sourceTree = "<group>"; };
		020961982BED30390002E546 /* AuthenticationViewModel.swift */ = {isa = PBXFileReference; lastKnownFileType = sourcecode.swift; path = AuthenticationViewModel.swift; sourceTree = "<group>"; };
/* End PBXFileReference section */

/* Begin PBXFrameworksBuildPhase section */
		020960C72BE8D9F00002E546 /* Frameworks */ = {
			isa = PBXFrameworksBuildPhase;
			buildActionMask = 2147483647;
			files = (
				020960E02BE8DD620002E546 /* GoogleSignIn in Frameworks */,
				020960E72BE8E9500002E546 /* FirebaseAuth in Frameworks */,
				020960E22BE8DD620002E546 /* GoogleSignInSwift in Frameworks */,
			);
			runOnlyForDeploymentPostprocessing = 0;
		};
/* End PBXFrameworksBuildPhase section */

/* Begin PBXGroup section */
		020960C12BE8D9F00002E546 = {
			isa = PBXGroup;
			children = (
				020960F92BE9E6C10002E546 /* Launch Screen.storyboard */,
				020960E52BE8E9500002E546 /* Frameworks */,
				020960CB2BE8D9F00002E546 /* Products */,
				020960CC2BE8D9F00002E546 /* TestAuthApp01 */,
			);
			sourceTree = "<group>";
		};
		020960CB2BE8D9F00002E546 /* Products */ = {
			isa = PBXGroup;
			children = (
				020960CA2BE8D9F00002E546 /* TestAuthApp01.app */,
			);
			name = Products;
			sourceTree = "<group>";
		};
		020960CC2BE8D9F00002E546 /* TestAuthApp01 */ = {
			isa = PBXGroup;
			children = (
				020960E32BE8E14C0002E546 /* GoogleService-Info.plist */,
				020960F32BE9511D0002E546 /* Info.plist */,
				020960CF2BE8D9F00002E546 /* ContentView.swift */,
				020960EF2BE926C20002E546 /* RootView.swift */,
				020960CD2BE8D9F00002E546 /* TestAuthApp01App.swift */,
				020960D12BE8D9F20002E546 /* Assets.xcassets */,
				020960FF2BEA09170002E546 /* App */,
				020960E82BE8EC9C0002E546 /* Auth */,
				020960D32BE8D9F20002E546 /* Preview Content */,
				020960F42BE954900002E546 /* Utilites */,
			);
			path = TestAuthApp01;
			sourceTree = "<group>";
		};
		020960D32BE8D9F20002E546 /* Preview Content */ = {
			isa = PBXGroup;
			children = (
				020960D42BE8D9F20002E546 /* Preview Assets.xcassets */,
			);
			path = "Preview Content";
			sourceTree = "<group>";
		};
		020960E52BE8E9500002E546 /* Frameworks */ = {
			isa = PBXGroup;
			children = (
			);
			name = Frameworks;
			sourceTree = "<group>";
		};
		020960E82BE8EC9C0002E546 /* Auth */ = {
			isa = PBXGroup;
			children = (
				020960FE2BEA08E90002E546 /* ViewModel */,
				020960FD2BEA08940002E546 /* View */,
			);
			path = Auth;
			sourceTree = "<group>";
		};
		020960F42BE954900002E546 /* Utilites */ = {
			isa = PBXGroup;
			children = (
				020960F52BE954B50002E546 /* Utilites.swift */,
				020961962BED10F60002E546 /* Spinner.swift */,
			);
			path = Utilites;
			sourceTree = "<group>";
		};
		020960FD2BEA08940002E546 /* View */ = {
			isa = PBXGroup;
			children = (
				020960E92BE8ECBA0002E546 /* AuthenticationView.swift */,
				020960FB2BE9EE980002E546 /* SignInWithGoogleButtonView.swift */,
				020960EB2BE8EDFC0002E546 /* SignInEmailView.swift */,
			);
			path = View;
			sourceTree = "<group>";
		};
		020960FE2BEA08E90002E546 /* ViewModel */ = {
			isa = PBXGroup;
			children = (
				020960ED2BE8EFD30002E546 /* AuthenticationManager.swift */,
				020960F72BE9D0620002E546 /* SignInGoogleHelper.swift */,
				020961942BECF57C0002E546 /* SignInViewModel.swift */,
				020961982BED30390002E546 /* AuthenticationViewModel.swift */,
			);
			path = ViewModel;
			sourceTree = "<group>";
		};
		020960FF2BEA09170002E546 /* App */ = {
			isa = PBXGroup;
			children = (
				020961042BEA2C4A0002E546 /* ViewModel */,
				020961032BEA2C440002E546 /* View */,
				020961022BEA2C3D0002E546 /* Model */,
			);
			path = App;
			sourceTree = "<group>";
		};
		020961022BEA2C3D0002E546 /* Model */ = {
			isa = PBXGroup;
			children = (
				0209618E2BECD9AE0002E546 /* TextBox.swift */,
			);
			path = Model;
			sourceTree = "<group>";
		};
		020961032BEA2C440002E546 /* View */ = {
			isa = PBXGroup;
			children = (
				020960F12BE935770002E546 /* SettingsView.swift */,
				020961842BECC9CB0002E546 /* PhotoFilterView.swift */,
				020961882BECD05E0002E546 /* FilterView.swift */,
				0209618A2BECD88C0002E546 /* ImageEditorView.swift */,
				020961902BECD9D60002E546 /* ImagePicker.swift */,
				020961922BECDA020002E546 /* DrawingScreen.swift */,
			);
			path = View;
			sourceTree = "<group>";
		};
		020961042BEA2C4A0002E546 /* ViewModel */ = {
			isa = PBXGroup;
			children = (
				020961822BECC8840002E546 /* SettingsViewModel.swift */,
				020961862BECCA410002E546 /* PhotoPickerViewModel.swift */,
				0209618C2BECD9460002E546 /* DrawingViewModel.swift */,
			);
			path = ViewModel;
			sourceTree = "<group>";
		};
/* End PBXGroup section */

/* Begin PBXNativeTarget section */
		020960C92BE8D9F00002E546 /* TestAuthApp01 */ = {
			isa = PBXNativeTarget;
			buildConfigurationList = 020960D82BE8D9F20002E546 /* Build configuration list for PBXNativeTarget "TestAuthApp01" */;
			buildPhases = (
				020960C62BE8D9F00002E546 /* Sources */,
				020960C72BE8D9F00002E546 /* Frameworks */,
				020960C82BE8D9F00002E546 /* Resources */,
			);
			buildRules = (
			);
			dependencies = (
			);
			name = TestAuthApp01;
			packageProductDependencies = (
				020960DF2BE8DD620002E546 /* GoogleSignIn */,
				020960E12BE8DD620002E546 /* GoogleSignInSwift */,
				020960E62BE8E9500002E546 /* FirebaseAuth */,
			);
			productName = TestAuthApp01;
			productReference = 020960CA2BE8D9F00002E546 /* TestAuthApp01.app */;
			productType = "com.apple.product-type.application";
		};
/* End PBXNativeTarget section */

/* Begin PBXProject section */
		020960C22BE8D9F00002E546 /* Project object */ = {
			isa = PBXProject;
			attributes = {
				BuildIndependentTargetsInParallel = 1;
				LastSwiftUpdateCheck = 1530;
				LastUpgradeCheck = 1530;
				TargetAttributes = {
					020960C92BE8D9F00002E546 = {
						CreatedOnToolsVersion = 15.3;
					};
				};
			};
			buildConfigurationList = 020960C52BE8D9F00002E546 /* Build configuration list for PBXProject "TestAuthApp01" */;
			compatibilityVersion = "Xcode 14.0";
			developmentRegion = en;
			hasScannedForEncodings = 0;
			knownRegions = (
				en,
				Base,
			);
			mainGroup = 020960C12BE8D9F00002E546;
			packageReferences = (
				020960DD2BE8DCD90002E546 /* XCRemoteSwiftPackageReference "firebase-ios-sdk" */,
				020960DE2BE8DD620002E546 /* XCRemoteSwiftPackageReference "GoogleSignIn-iOS" */,
			);
			productRefGroup = 020960CB2BE8D9F00002E546 /* Products */;
			projectDirPath = "";
			projectRoot = "";
			targets = (
				020960C92BE8D9F00002E546 /* TestAuthApp01 */,
			);
		};
/* End PBXProject section */

/* Begin PBXResourcesBuildPhase section */
		020960C82BE8D9F00002E546 /* Resources */ = {
			isa = PBXResourcesBuildPhase;
			buildActionMask = 2147483647;
			files = (
				020960D52BE8D9F20002E546 /* Preview Assets.xcassets in Resources */,
				020960D22BE8D9F20002E546 /* Assets.xcassets in Resources */,
				020960FA2BE9E6C10002E546 /* Launch Screen.storyboard in Resources */,
				020960E42BE8E14C0002E546 /* GoogleService-Info.plist in Resources */,
			);
			runOnlyForDeploymentPostprocessing = 0;
		};
/* End PBXResourcesBuildPhase section */

/* Begin PBXSourcesBuildPhase section */
		020960C62BE8D9F00002E546 /* Sources */ = {
			isa = PBXSourcesBuildPhase;
			buildActionMask = 2147483647;
			files = (
				020960F22BE935770002E546 /* SettingsView.swift in Sources */,
				020960D02BE8D9F00002E546 /* ContentView.swift in Sources */,
				020960FC2BE9EE980002E546 /* SignInWithGoogleButtonView.swift in Sources */,
				020961872BECCA410002E546 /* PhotoPickerViewModel.swift in Sources */,
				0209618B2BECD88C0002E546 /* ImageEditorView.swift in Sources */,
				020960CE2BE8D9F00002E546 /* TestAuthApp01App.swift in Sources */,
				020961912BECD9D60002E546 /* ImagePicker.swift in Sources */,
				020961992BED303A0002E546 /* AuthenticationViewModel.swift in Sources */,
				020961952BECF57C0002E546 /* SignInViewModel.swift in Sources */,
				020960F02BE926C20002E546 /* RootView.swift in Sources */,
				020960F82BE9D0620002E546 /* SignInGoogleHelper.swift in Sources */,
				020961972BED10F60002E546 /* Spinner.swift in Sources */,
				020961932BECDA020002E546 /* DrawingScreen.swift in Sources */,
				020960F62BE954B50002E546 /* Utilites.swift in Sources */,
				0209618F2BECD9AE0002E546 /* TextBox.swift in Sources */,
				020960EA2BE8ECBA0002E546 /* AuthenticationView.swift in Sources */,
				020960EE2BE8EFD30002E546 /* AuthenticationManager.swift in Sources */,
				020960EC2BE8EDFC0002E546 /* SignInEmailView.swift in Sources */,
				020961852BECC9CB0002E546 /* PhotoFilterView.swift in Sources */,
				020961892BECD05F0002E546 /* FilterView.swift in Sources */,
				0209618D2BECD9460002E546 /* DrawingViewModel.swift in Sources */,
				020961832BECC8840002E546 /* SettingsViewModel.swift in Sources */,
			);
			runOnlyForDeploymentPostprocessing = 0;
		};
/* End PBXSourcesBuildPhase section */

/* Begin XCBuildConfiguration section */
		020960D62BE8D9F20002E546 /* Debug */ = {
			isa = XCBuildConfiguration;
			buildSettings = {
				ALWAYS_SEARCH_USER_PATHS = NO;
				ASSETCATALOG_COMPILER_GENERATE_SWIFT_ASSET_SYMBOL_EXTENSIONS = YES;
				CLANG_ANALYZER_NONNULL = YES;
				CLANG_ANALYZER_NUMBER_OBJECT_CONVERSION = YES_AGGRESSIVE;
				CLANG_CXX_LANGUAGE_STANDARD = "gnu++20";
				CLANG_ENABLE_MODULES = YES;
				CLANG_ENABLE_OBJC_ARC = YES;
				CLANG_ENABLE_OBJC_WEAK = YES;
				CLANG_WARN_BLOCK_CAPTURE_AUTORELEASING = YES;
				CLANG_WARN_BOOL_CONVERSION = YES;
				CLANG_WARN_COMMA = YES;
				CLANG_WARN_CONSTANT_CONVERSION = YES;
				CLANG_WARN_DEPRECATED_OBJC_IMPLEMENTATIONS = YES;
				CLANG_WARN_DIRECT_OBJC_ISA_USAGE = YES_ERROR;
				CLANG_WARN_DOCUMENTATION_COMMENTS = YES;
				CLANG_WARN_EMPTY_BODY = YES;
				CLANG_WARN_ENUM_CONVERSION = YES;
				CLANG_WARN_INFINITE_RECURSION = YES;
				CLANG_WARN_INT_CONVERSION = YES;
				CLANG_WARN_NON_LITERAL_NULL_CONVERSION = YES;
				CLANG_WARN_OBJC_IMPLICIT_RETAIN_SELF = YES;
				CLANG_WARN_OBJC_LITERAL_CONVERSION = YES;
				CLANG_WARN_OBJC_ROOT_CLASS = YES_ERROR;
				CLANG_WARN_QUOTED_INCLUDE_IN_FRAMEWORK_HEADER = YES;
				CLANG_WARN_RANGE_LOOP_ANALYSIS = YES;
				CLANG_WARN_STRICT_PROTOTYPES = YES;
				CLANG_WARN_SUSPICIOUS_MOVE = YES;
				CLANG_WARN_UNGUARDED_AVAILABILITY = YES_AGGRESSIVE;
				CLANG_WARN_UNREACHABLE_CODE = YES;
				CLANG_WARN__DUPLICATE_METHOD_MATCH = YES;
				COPY_PHASE_STRIP = NO;
				DEBUG_INFORMATION_FORMAT = dwarf;
				ENABLE_STRICT_OBJC_MSGSEND = YES;
				ENABLE_TESTABILITY = YES;
				ENABLE_USER_SCRIPT_SANDBOXING = YES;
				GCC_C_LANGUAGE_STANDARD = gnu17;
				GCC_DYNAMIC_NO_PIC = NO;
				GCC_NO_COMMON_BLOCKS = YES;
				GCC_OPTIMIZATION_LEVEL = 0;
				GCC_PREPROCESSOR_DEFINITIONS = (
					"DEBUG=1",
					"$(inherited)",
				);
				GCC_WARN_64_TO_32_BIT_CONVERSION = YES;
				GCC_WARN_ABOUT_RETURN_TYPE = YES_ERROR;
				GCC_WARN_UNDECLARED_SELECTOR = YES;
				GCC_WARN_UNINITIALIZED_AUTOS = YES_AGGRESSIVE;
				GCC_WARN_UNUSED_FUNCTION = YES;
				GCC_WARN_UNUSED_VARIABLE = YES;
				IPHONEOS_DEPLOYMENT_TARGET = 17.4;
				LOCALIZATION_PREFERS_STRING_CATALOGS = YES;
				MTL_ENABLE_DEBUG_INFO = INCLUDE_SOURCE;
				MTL_FAST_MATH = YES;
				ONLY_ACTIVE_ARCH = YES;
				SDKROOT = iphoneos;
				SWIFT_ACTIVE_COMPILATION_CONDITIONS = "DEBUG $(inherited)";
				SWIFT_OPTIMIZATION_LEVEL = "-Onone";
			};
			name = Debug;
		};
		020960D72BE8D9F20002E546 /* Release */ = {
			isa = XCBuildConfiguration;
			buildSettings = {
				ALWAYS_SEARCH_USER_PATHS = NO;
				ASSETCATALOG_COMPILER_GENERATE_SWIFT_ASSET_SYMBOL_EXTENSIONS = YES;
				CLANG_ANALYZER_NONNULL = YES;
				CLANG_ANALYZER_NUMBER_OBJECT_CONVERSION = YES_AGGRESSIVE;
				CLANG_CXX_LANGUAGE_STANDARD = "gnu++20";
				CLANG_ENABLE_MODULES = YES;
				CLANG_ENABLE_OBJC_ARC = YES;
				CLANG_ENABLE_OBJC_WEAK = YES;
				CLANG_WARN_BLOCK_CAPTURE_AUTORELEASING = YES;
				CLANG_WARN_BOOL_CONVERSION = YES;
				CLANG_WARN_COMMA = YES;
				CLANG_WARN_CONSTANT_CONVERSION = YES;
				CLANG_WARN_DEPRECATED_OBJC_IMPLEMENTATIONS = YES;
				CLANG_WARN_DIRECT_OBJC_ISA_USAGE = YES_ERROR;
				CLANG_WARN_DOCUMENTATION_COMMENTS = YES;
				CLANG_WARN_EMPTY_BODY = YES;
				CLANG_WARN_ENUM_CONVERSION = YES;
				CLANG_WARN_INFINITE_RECURSION = YES;
				CLANG_WARN_INT_CONVERSION = YES;
				CLANG_WARN_NON_LITERAL_NULL_CONVERSION = YES;
				CLANG_WARN_OBJC_IMPLICIT_RETAIN_SELF = YES;
				CLANG_WARN_OBJC_LITERAL_CONVERSION = YES;
				CLANG_WARN_OBJC_ROOT_CLASS = YES_ERROR;
				CLANG_WARN_QUOTED_INCLUDE_IN_FRAMEWORK_HEADER = YES;
				CLANG_WARN_RANGE_LOOP_ANALYSIS = YES;
				CLANG_WARN_STRICT_PROTOTYPES = YES;
				CLANG_WARN_SUSPICIOUS_MOVE = YES;
				CLANG_WARN_UNGUARDED_AVAILABILITY = YES_AGGRESSIVE;
				CLANG_WARN_UNREACHABLE_CODE = YES;
				CLANG_WARN__DUPLICATE_METHOD_MATCH = YES;
				COPY_PHASE_STRIP = NO;
				DEBUG_INFORMATION_FORMAT = "dwarf-with-dsym";
				ENABLE_NS_ASSERTIONS = NO;
				ENABLE_STRICT_OBJC_MSGSEND = YES;
				ENABLE_USER_SCRIPT_SANDBOXING = YES;
				GCC_C_LANGUAGE_STANDARD = gnu17;
				GCC_NO_COMMON_BLOCKS = YES;
				GCC_WARN_64_TO_32_BIT_CONVERSION = YES;
				GCC_WARN_ABOUT_RETURN_TYPE = YES_ERROR;
				GCC_WARN_UNDECLARED_SELECTOR = YES;
				GCC_WARN_UNINITIALIZED_AUTOS = YES_AGGRESSIVE;
				GCC_WARN_UNUSED_FUNCTION = YES;
				GCC_WARN_UNUSED_VARIABLE = YES;
				IPHONEOS_DEPLOYMENT_TARGET = 17.4;
				LOCALIZATION_PREFERS_STRING_CATALOGS = YES;
				MTL_ENABLE_DEBUG_INFO = NO;
				MTL_FAST_MATH = YES;
				SDKROOT = iphoneos;
				SWIFT_COMPILATION_MODE = wholemodule;
				VALIDATE_PRODUCT = YES;
			};
			name = Release;
		};
		020960D92BE8D9F20002E546 /* Debug */ = {
			isa = XCBuildConfiguration;
			buildSettings = {
				ASSETCATALOG_COMPILER_APPICON_NAME = AppIcon;
				ASSETCATALOG_COMPILER_GLOBAL_ACCENT_COLOR_NAME = AccentColor;
				CODE_SIGN_STYLE = Automatic;
				CURRENT_PROJECT_VERSION = 1;
				DEVELOPMENT_ASSET_PATHS = "\"TestAuthApp01/Preview Content\"";
				DEVELOPMENT_TEAM = 2L568N4PXS;
				ENABLE_PREVIEWS = YES;
				GENERATE_INFOPLIST_FILE = YES;
				INFOPLIST_FILE = TestAuthApp01/Info.plist;
				INFOPLIST_KEY_NSPhotoLibraryUsageDescription = "This application wants to save images in your photo gallery.";
				INFOPLIST_KEY_UIApplicationSceneManifest_Generation = YES;
				INFOPLIST_KEY_UIApplicationSupportsIndirectInputEvents = YES;
				INFOPLIST_KEY_UILaunchScreen_Generation = YES;
				INFOPLIST_KEY_UILaunchStoryboardName = "Launch Screen";
				INFOPLIST_KEY_UISupportedInterfaceOrientations_iPad = "UIInterfaceOrientationPortrait UIInterfaceOrientationPortraitUpsideDown UIInterfaceOrientationLandscapeLeft UIInterfaceOrientationLandscapeRight";
				INFOPLIST_KEY_UISupportedInterfaceOrientations_iPhone = "UIInterfaceOrientationPortrait UIInterfaceOrientationLandscapeLeft UIInterfaceOrientationLandscapeRight";
				LD_RUNPATH_SEARCH_PATHS = (
					"$(inherited)",
					"@executable_path/Frameworks",
				);
				MARKETING_VERSION = 1.0;
				PRODUCT_BUNDLE_IDENTIFIER = homeOffice.TestAuthApp01;
				PRODUCT_NAME = "$(TARGET_NAME)";
				SWIFT_EMIT_LOC_STRINGS = YES;
				SWIFT_VERSION = 5.0;
				TARGETED_DEVICE_FAMILY = "1,2";
			};
			name = Debug;
		};
		020960DA2BE8D9F20002E546 /* Release */ = {
			isa = XCBuildConfiguration;
			buildSettings = {
				ASSETCATALOG_COMPILER_APPICON_NAME = AppIcon;
				ASSETCATALOG_COMPILER_GLOBAL_ACCENT_COLOR_NAME = AccentColor;
				CODE_SIGN_STYLE = Automatic;
				CURRENT_PROJECT_VERSION = 1;
				DEVELOPMENT_ASSET_PATHS = "\"TestAuthApp01/Preview Content\"";
				DEVELOPMENT_TEAM = 2L568N4PXS;
				ENABLE_PREVIEWS = YES;
				GENERATE_INFOPLIST_FILE = YES;
				INFOPLIST_FILE = TestAuthApp01/Info.plist;
				INFOPLIST_KEY_NSPhotoLibraryUsageDescription = "This application wants to save images in your photo gallery.";
				INFOPLIST_KEY_UIApplicationSceneManifest_Generation = YES;
				INFOPLIST_KEY_UIApplicationSupportsIndirectInputEvents = YES;
				INFOPLIST_KEY_UILaunchScreen_Generation = YES;
				INFOPLIST_KEY_UILaunchStoryboardName = "Launch Screen";
				INFOPLIST_KEY_UISupportedInterfaceOrientations_iPad = "UIInterfaceOrientationPortrait UIInterfaceOrientationPortraitUpsideDown UIInterfaceOrientationLandscapeLeft UIInterfaceOrientationLandscapeRight";
				INFOPLIST_KEY_UISupportedInterfaceOrientations_iPhone = "UIInterfaceOrientationPortrait UIInterfaceOrientationLandscapeLeft UIInterfaceOrientationLandscapeRight";
				LD_RUNPATH_SEARCH_PATHS = (
					"$(inherited)",
					"@executable_path/Frameworks",
				);
				MARKETING_VERSION = 1.0;
				PRODUCT_BUNDLE_IDENTIFIER = homeOffice.TestAuthApp01;
				PRODUCT_NAME = "$(TARGET_NAME)";
				SWIFT_EMIT_LOC_STRINGS = YES;
				SWIFT_VERSION = 5.0;
				TARGETED_DEVICE_FAMILY = "1,2";
			};
			name = Release;
		};
/* End XCBuildConfiguration section */

/* Begin XCConfigurationList section */
		020960C52BE8D9F00002E546 /* Build configuration list for PBXProject "TestAuthApp01" */ = {
			isa = XCConfigurationList;
			buildConfigurations = (
				020960D62BE8D9F20002E546 /* Debug */,
				020960D72BE8D9F20002E546 /* Release */,
			);
			defaultConfigurationIsVisible = 0;
			defaultConfigurationName = Release;
		};
		020960D82BE8D9F20002E546 /* Build configuration list for PBXNativeTarget "TestAuthApp01" */ = {
			isa = XCConfigurationList;
			buildConfigurations = (
				020960D92BE8D9F20002E546 /* Debug */,
				020960DA2BE8D9F20002E546 /* Release */,
			);
			defaultConfigurationIsVisible = 0;
			defaultConfigurationName = Release;
		};
/* End XCConfigurationList section */

/* Begin XCRemoteSwiftPackageReference section */
		020960DD2BE8DCD90002E546 /* XCRemoteSwiftPackageReference "firebase-ios-sdk" */ = {
			isa = XCRemoteSwiftPackageReference;
			repositoryURL = "https://github.com/firebase/firebase-ios-sdk";
			requirement = {
				kind = upToNextMajorVersion;
				minimumVersion = 10.25.0;
			};
		};
		020960DE2BE8DD620002E546 /* XCRemoteSwiftPackageReference "GoogleSignIn-iOS" */ = {
			isa = XCRemoteSwiftPackageReference;
			repositoryURL = "https://github.com/google/GoogleSignIn-iOS";
			requirement = {
				kind = upToNextMajorVersion;
				minimumVersion = 7.1.0;
			};
		};
/* End XCRemoteSwiftPackageReference section */

/* Begin XCSwiftPackageProductDependency section */
		020960DF2BE8DD620002E546 /* GoogleSignIn */ = {
			isa = XCSwiftPackageProductDependency;
			package = 020960DE2BE8DD620002E546 /* XCRemoteSwiftPackageReference "GoogleSignIn-iOS" */;
			productName = GoogleSignIn;
		};
		020960E12BE8DD620002E546 /* GoogleSignInSwift */ = {
			isa = XCSwiftPackageProductDependency;
			package = 020960DE2BE8DD620002E546 /* XCRemoteSwiftPackageReference "GoogleSignIn-iOS" */;
			productName = GoogleSignInSwift;
		};
		020960E62BE8E9500002E546 /* FirebaseAuth */ = {
			isa = XCSwiftPackageProductDependency;
			package = 020960DD2BE8DCD90002E546 /* XCRemoteSwiftPackageReference "firebase-ios-sdk" */;
			productName = FirebaseAuth;
		};
/* End XCSwiftPackageProductDependency section */
	};
	rootObject = 020960C22BE8D9F00002E546 /* Project object */;
}
